
Microsoft Visual Studio Solution File, Format Version 12.00
# Visual Studio Version 16
VisualStudioVersion = 16.0.31129.286
MinimumVisualStudioVersion = 10.0.40219.1
Project("{9A19103F-16F7-4668-BE54-9A1E7A4F7556}") = "SiteMapGenerator.Bll", "SiteMapGenerator.Bll\SiteMapGenerator.Bll.csproj", "{DAEF9EBA-5EE6-4651-8D0F-27C8E8B9595C}"
EndProject
Project("{9A19103F-16F7-4668-BE54-9A1E7A4F7556}") = "SiteMapGenerator.Bll.Test", "SiteMapGenerator.Test\SiteMapGenerator.Bll.Test.csproj", "{6025C556-7391-43DB-B91F-66E756F5F293}"
EndProject
Project("{9A19103F-16F7-4668-BE54-9A1E7A4F7556}") = "ConsoleSiteMapGenerator", "ConsoleSiteMapGenerator\ConsoleSiteMapGenerator.csproj", "{B27C4CE7-36CC-4AD7-91A7-209EDEB80A16}"
EndProject
Project("{FAE04EC0-301F-11D3-BF4B-00C04F79EFBC}") = "ConsoleSiteMapGenerator.Test", "ConsoleSiteMapGenerator.Test\ConsoleSiteMapGenerator.Test.csproj", "{7D712808-E028-4CC3-9039-16D16C8C055D}"
EndProject
Global
	GlobalSection(SolutionConfigurationPlatforms) = preSolution
		Debug|Any CPU = Debug|Any CPU
		Release|Any CPU = Release|Any CPU
	EndGlobalSection
	GlobalSection(ProjectConfigurationPlatforms) = postSolution
		{DAEF9EBA-5EE6-4651-8D0F-27C8E8B9595C}.Debug|Any CPU.ActiveCfg = Debug|Any CPU
		{DAEF9EBA-5EE6-4651-8D0F-27C8E8B9595C}.Debug|Any CPU.Build.0 = Debug|Any CPU
		{DAEF9EBA-5EE6-4651-8D0F-27C8E8B9595C}.Release|Any CPU.ActiveCfg = Release|Any CPU
		{DAEF9EBA-5EE6-4651-8D0F-27C8E8B9595C}.Release|Any CPU.Build.0 = Release|Any CPU
		{6025C556-7391-43DB-B91F-66E756F5F293}.Debug|Any CPU.ActiveCfg = Debug|Any CPU
		{6025C556-7391-43DB-B91F-66E756F5F293}.Debug|Any CPU.Build.0 = Debug|Any CPU
		{6025C556-7391-43DB-B91F-66E756F5F293}.Release|Any CPU.ActiveCfg = Release|Any CPU
		{6025C556-7391-43DB-B91F-66E756F5F293}.Release|Any CPU.Build.0 = Release|Any CPU
		{B27C4CE7-36CC-4AD7-91A7-209EDEB80A16}.Debug|Any CPU.ActiveCfg = Debug|Any CPU
		{B27C4CE7-36CC-4AD7-91A7-209EDEB80A16}.Debug|Any CPU.Build.0 = Debug|Any CPU
		{B27C4CE7-36CC-4AD7-91A7-209EDEB80A16}.Release|Any CPU.ActiveCfg = Release|Any CPU
		{B27C4CE7-36CC-4AD7-91A7-209EDEB80A16}.Release|Any CPU.Build.0 = Release|Any CPU
		{7D712808-E028-4CC3-9039-16D16C8C055D}.Debug|Any CPU.ActiveCfg = Debug|Any CPU
		{7D712808-E028-4CC3-9039-16D16C8C055D}.Debug|Any CPU.Build.0 = Debug|Any CPU
		{7D712808-E028-4CC3-9039-16D16C8C055D}.Release|Any CPU.ActiveCfg = Release|Any CPU
		{7D712808-E028-4CC3-9039-16D16C8C055D}.Release|Any CPU.Build.0 = Release|Any CPU
	EndGlobalSection
	GlobalSection(SolutionProperties) = preSolution
		HideSolutionNode = FALSE
	EndGlobalSection
	GlobalSection(ExtensibilityGlobals) = postSolution
		SolutionGuid = {CF8F6743-97ED-40BB-9EC0-EE946EC95368}
	EndGlobalSection
EndGlobal
